Microsoft Visual Studio Solution File, Format Version 9.00
# Visual C++ Express 2005
Project("{8BC9CEB8-8B4A-11D0-8D11-00A0C91BC942}") = "libOsi", "libOsi\libOsi.vcproj", "{7D98E2CB-876E-4F75-9F71-77D3FE87E149}"
EndProject
Project("{8BC9CEB8-8B4A-11D0-8D11-00A0C91BC942}") = "libOsiClp", "libOsiClp\libOsiClp.vcproj", "{02D45875-A8CF-41B9-990B-3699C0ECFE10}"
EndProject
Project("{8BC9CEB8-8B4A-11D0-8D11-00A0C91BC942}") = "libCoinUtils", "..\..\..\CoinUtils\MSVisualStudio\v8\libCoinUtils\libCoinUtils.vcproj", "{C4867F15-438D-4FF8-8388-62FBAAA9786C}"
EndProject
Project("{8BC9CEB8-8B4A-11D0-8D11-00A0C91BC942}") = "OsiExamplesBasic2", "OsiExamplesBasic2\OsiExamplesBasic2.vcproj", "{B349E853-2E2B-468E-8853-184ACD948678}"
	ProjectSection(ProjectDependencies) = postProject
		{02D45875-A8CF-41B9-990B-3699C0ECFE10} = {02D45875-A8CF-41B9-990B-3699C0ECFE10}
		{7D98E2CB-876E-4F75-9F71-77D3FE87E149} = {7D98E2CB-876E-4F75-9F71-77D3FE87E149}
		{C4867F15-438D-4FF8-8388-62FBAAA9786C} = {C4867F15-438D-4FF8-8388-62FBAAA9786C}
		{4F8F7D1C-3A9E-444D-8EE9-77F33FA05994} = {4F8F7D1C-3A9E-444D-8EE9-77F33FA05994}
	EndProjectSection
EndProject
Project("{8BC9CEB8-8B4A-11D0-8D11-00A0C91BC942}") = "libClp", "..\..\..\Clp\MSVisualStudio\v8\libClp\libClp.vcproj", "{4F8F7D1C-3A9E-444D-8EE9-77F33FA05994}"
EndProject
Project("{8BC9CEB8-8B4A-11D0-8D11-00A0C91BC942}") = "OsiExamplesBasic", "OsiExamplesBasic\OsiExamplesBasic.vcproj", "{B874A948-B5F4-4501-9735-BD9586C5216D}"
	ProjectSection(ProjectDependencies) = postProject
		{02D45875-A8CF-41B9-990B-3699C0ECFE10} = {02D45875-A8CF-41B9-990B-3699C0ECFE10}
		{7D98E2CB-876E-4F75-9F71-77D3FE87E149} = {7D98E2CB-876E-4F75-9F71-77D3FE87E149}
		{C4867F15-438D-4FF8-8388-62FBAAA9786C} = {C4867F15-438D-4FF8-8388-62FBAAA9786C}
		{4F8F7D1C-3A9E-444D-8EE9-77F33FA05994} = {4F8F7D1C-3A9E-444D-8EE9-77F33FA05994}
	EndProjectSection
EndProject
Project("{8BC9CEB8-8B4A-11D0-8D11-00A0C91BC942}") = "OsiExamplesBuild", "OsiExamplesBuild\OsiExamplesBuild.vcproj", "{1864FDC9-F116-4EB0-9B3F-6FD11E0307B4}"
	ProjectSection(ProjectDependencies) = postProject
		{02D45875-A8CF-41B9-990B-3699C0ECFE10} = {02D45875-A8CF-41B9-990B-3699C0ECFE10}
		{7D98E2CB-876E-4F75-9F71-77D3FE87E149} = {7D98E2CB-876E-4F75-9F71-77D3FE87E149}
		{C4867F15-438D-4FF8-8388-62FBAAA9786C} = {C4867F15-438D-4FF8-8388-62FBAAA9786C}
		{4F8F7D1C-3A9E-444D-8EE9-77F33FA05994} = {4F8F7D1C-3A9E-444D-8EE9-77F33FA05994}
	EndProjectSection
EndProject
Project("{8BC9CEB8-8B4A-11D0-8D11-00A0C91BC942}") = "OsiExamplesParameters", "OsiExamplesParameters\OsiExamplesParameters.vcproj", "{C0F44D7F-B535-44DC-9125-515E813A1753}"
	ProjectSection(ProjectDependencies) = postProject
		{02D45875-A8CF-41B9-990B-3699C0ECFE10} = {02D45875-A8CF-41B9-990B-3699C0ECFE10}
		{7D98E2CB-876E-4F75-9F71-77D3FE87E149} = {7D98E2CB-876E-4F75-9F71-77D3FE87E149}
		{C4867F15-438D-4FF8-8388-62FBAAA9786C} = {C4867F15-438D-4FF8-8388-62FBAAA9786C}
		{4F8F7D1C-3A9E-444D-8EE9-77F33FA05994} = {4F8F7D1C-3A9E-444D-8EE9-77F33FA05994}
	EndProjectSection
EndProject
Project("{8BC9CEB8-8B4A-11D0-8D11-00A0C91BC942}") = "OsiExamplesQuery", "OsiExamplesQuery\OsiExamplesQuery.vcproj", "{E54AF10F-FCBB-4A09-AAB7-2C83CF91BD2C}"
	ProjectSection(ProjectDependencies) = postProject
		{02D45875-A8CF-41B9-990B-3699C0ECFE10} = {02D45875-A8CF-41B9-990B-3699C0ECFE10}
		{7D98E2CB-876E-4F75-9F71-77D3FE87E149} = {7D98E2CB-876E-4F75-9F71-77D3FE87E149}
		{C4867F15-438D-4FF8-8388-62FBAAA9786C} = {C4867F15-438D-4FF8-8388-62FBAAA9786C}
		{4F8F7D1C-3A9E-444D-8EE9-77F33FA05994} = {4F8F7D1C-3A9E-444D-8EE9-77F33FA05994}
	EndProjectSection
EndProject
Project("{8BC9CEB8-8B4A-11D0-8D11-00A0C91BC942}") = "OsiExamplesSpecific", "OsiExamplesSpecific\OsiExamplesSpecific.vcproj", "{B5A702D5-C5F7-40EE-99E0-A500AE91528A}"
	ProjectSection(ProjectDependencies) = postProject
		{02D45875-A8CF-41B9-990B-3699C0ECFE10} = {02D45875-A8CF-41B9-990B-3699C0ECFE10}
		{7D98E2CB-876E-4F75-9F71-77D3FE87E149} = {7D98E2CB-876E-4F75-9F71-77D3FE87E149}
		{C4867F15-438D-4FF8-8388-62FBAAA9786C} = {C4867F15-438D-4FF8-8388-62FBAAA9786C}
		{4F8F7D1C-3A9E-444D-8EE9-77F33FA05994} = {4F8F7D1C-3A9E-444D-8EE9-77F33FA05994}
	EndProjectSection
EndProject
Global
	GlobalSection(SolutionConfigurationPlatforms) = preSolution
		Debug|Win32 = Debug|Win32
		Release|Win32 = Release|Win32
	EndGlobalSection
	GlobalSection(ProjectConfigurationPlatforms) = postSolution
		{7D98E2CB-876E-4F75-9F71-77D3FE87E149}.Debug|Win32.ActiveCfg = Debug|Win32
		{7D98E2CB-876E-4F75-9F71-77D3FE87E149}.Debug|Win32.Build.0 = Debug|Win32
		{7D98E2CB-876E-4F75-9F71-77D3FE87E149}.Release|Win32.ActiveCfg = Release|Win32
		{7D98E2CB-876E-4F75-9F71-77D3FE87E149}.Release|Win32.Build.0 = Release|Win32
		{02D45875-A8CF-41B9-990B-3699C0ECFE10}.Debug|Win32.ActiveCfg = Debug|Win32
		{02D45875-A8CF-41B9-990B-3699C0ECFE10}.Debug|Win32.Build.0 = Debug|Win32
		{02D45875-A8CF-41B9-990B-3699C0ECFE10}.Release|Win32.ActiveCfg = Release|Win32
		{02D45875-A8CF-41B9-990B-3699C0ECFE10}.Release|Win32.Build.0 = Release|Win32
		{C4867F15-438D-4FF8-8388-62FBAAA9786C}.Debug|Win32.ActiveCfg = Debug|Win32
		{C4867F15-438D-4FF8-8388-62FBAAA9786C}.Debug|Win32.Build.0 = Debug|Win32
		{C4867F15-438D-4FF8-8388-62FBAAA9786C}.Release|Win32.ActiveCfg = Release|Win32
		{C4867F15-438D-4FF8-8388-62FBAAA9786C}.Release|Win32.Build.0 = Release|Win32
		{B349E853-2E2B-468E-8853-184ACD948678}.Debug|Win32.ActiveCfg = Debug|Win32
		{B349E853-2E2B-468E-8853-184ACD948678}.Debug|Win32.Build.0 = Debug|Win32
		{B349E853-2E2B-468E-8853-184ACD948678}.Release|Win32.ActiveCfg = Release|Win32
		{B349E853-2E2B-468E-8853-184ACD948678}.Release|Win32.Build.0 = Release|Win32
		{4F8F7D1C-3A9E-444D-8EE9-77F33FA05994}.Debug|Win32.ActiveCfg = Debug|Win32
		{4F8F7D1C-3A9E-444D-8EE9-77F33FA05994}.Debug|Win32.Build.0 = Debug|Win32
		{4F8F7D1C-3A9E-444D-8EE9-77F33FA05994}.Release|Win32.ActiveCfg = Release|Win32
		{4F8F7D1C-3A9E-444D-8EE9-77F33FA05994}.Release|Win32.Build.0 = Release|Win32
		{B874A948-B5F4-4501-9735-BD9586C5216D}.Debug|Win32.ActiveCfg = Debug|Win32
		{B874A948-B5F4-4501-9735-BD9586C5216D}.Debug|Win32.Build.0 = Debug|Win32
		{B874A948-B5F4-4501-9735-BD9586C5216D}.Release|Win32.ActiveCfg = Release|Win32
		{B874A948-B5F4-4501-9735-BD9586C5216D}.Release|Win32.Build.0 = Release|Win32
		{1864FDC9-F116-4EB0-9B3F-6FD11E0307B4}.Debug|Win32.ActiveCfg = Debug|Win32
		{1864FDC9-F116-4EB0-9B3F-6FD11E0307B4}.Debug|Win32.Build.0 = Debug|Win32
		{1864FDC9-F116-4EB0-9B3F-6FD11E0307B4}.Release|Win32.ActiveCfg = Release|Win32
		{1864FDC9-F116-4EB0-9B3F-6FD11E0307B4}.Release|Win32.Build.0 = Release|Win32
		{C0F44D7F-B535-44DC-9125-515E813A1753}.Debug|Win32.ActiveCfg = Debug|Win32
		{C0F44D7F-B535-44DC-9125-515E813A1753}.Debug|Win32.Build.0 = Debug|Win32
		{C0F44D7F-B535-44DC-9125-515E813A1753}.Release|Win32.ActiveCfg = Release|Win32
		{C0F44D7F-B535-44DC-9125-515E813A1753}.Release|Win32.Build.0 = Release|Win32
		{E54AF10F-FCBB-4A09-AAB7-2C83CF91BD2C}.Debug|Win32.ActiveCfg = Debug|Win32
		{E54AF10F-FCBB-4A09-AAB7-2C83CF91BD2C}.Debug|Win32.Build.0 = Debug|Win32
		{E54AF10F-FCBB-4A09-AAB7-2C83CF91BD2C}.Release|Win32.ActiveCfg = Release|Win32
		{E54AF10F-FCBB-4A09-AAB7-2C83CF91BD2C}.Release|Win32.Build.0 = Release|Win32
		{B5A702D5-C5F7-40EE-99E0-A500AE91528A}.Debug|Win32.ActiveCfg = Debug|Win32
		{B5A702D5-C5F7-40EE-99E0-A500AE91528A}.Debug|Win32.Build.0 = Debug|Win32
		{B5A702D5-C5F7-40EE-99E0-A500AE91528A}.Release|Win32.ActiveCfg = Release|Win32
		{B5A702D5-C5F7-40EE-99E0-A500AE91528A}.Release|Win32.Build.0 = Release|Win32
	EndGlobalSection
	GlobalSection(SolutionProperties) = preSolution
		HideSolutionNode = FALSE
	EndGlobalSection
EndGlobal
